// !$*UTF8*$!
{
	archiveVersion = 1;
	classes = {
	};
	objectVersion = 55;
	objects = {

/* Begin PBXBuildFile section */
		04A3EC6E27E4E00C001ED91B /* NewsListViewController.swift in Sources */ = {isa = PBXBuildFile; fileRef = 04A3EC6D27E4E00C001ED91B /* NewsListViewController.swift */; };
		04A3EC7127E4E00C001ED91B /* Main.storyboard in Resources */ = {isa = PBXBuildFile; fileRef = 04A3EC6F27E4E00C001ED91B /* Main.storyboard */; };
		04A3EC7327E4E012001ED91B /* Assets.xcassets in Resources */ = {isa = PBXBuildFile; fileRef = 04A3EC7227E4E012001ED91B /* Assets.xcassets */; };
		04A3EC7627E4E012001ED91B /* LaunchScreen.storyboard in Resources */ = {isa = PBXBuildFile; fileRef = 04A3EC7427E4E012001ED91B /* LaunchScreen.storyboard */; };
		04A3EC7B27E4E059001ED91B /* InputValidation.swift in Sources */ = {isa = PBXBuildFile; fileRef = 04F0327D2791CAF80066ABCA /* InputValidation.swift */; };
		04A3EC7C27E4E05D001ED91B /* LocalizedError.swift in Sources */ = {isa = PBXBuildFile; fileRef = 04F0327E2791CAF80066ABCA /* LocalizedError.swift */; };
		04A3EC7D27E4E061001ED91B /* UIViewController+Extension.swift in Sources */ = {isa = PBXBuildFile; fileRef = 04F032802791CAF80066ABCA /* UIViewController+Extension.swift */; };
		04A3EC7E27E4E067001ED91B /* AppDelegate.swift in Sources */ = {isa = PBXBuildFile; fileRef = 04F032702791BF4D0066ABCA /* AppDelegate.swift */; };
		04A3EC7F27E4E06B001ED91B /* SceneDelegate.swift in Sources */ = {isa = PBXBuildFile; fileRef = 04F032712791BF4D0066ABCA /* SceneDelegate.swift */; };
		04A3EC8327E4F58C001ED91B /* NewsTableViewCell.swift in Sources */ = {isa = PBXBuildFile; fileRef = 04A3EC8127E4F58C001ED91B /* NewsTableViewCell.swift */; };
		04A3EC8427E4F58C001ED91B /* NewsTableViewCell.xib in Resources */ = {isa = PBXBuildFile; fileRef = 04A3EC8227E4F58C001ED91B /* NewsTableViewCell.xib */; };
		04D6932427CA6710009F7714 /* NetworkService.swift in Sources */ = {isa = PBXBuildFile; fileRef = 04D6931F27CA6710009F7714 /* NetworkService.swift */; };
		04D6932527CA6710009F7714 /* HTTPMethod.swift in Sources */ = {isa = PBXBuildFile; fileRef = 04D6932027CA6710009F7714 /* HTTPMethod.swift */; };
		04D6932627CA6710009F7714 /* Route.swift in Sources */ = {isa = PBXBuildFile; fileRef = 04D6932127CA6710009F7714 /* Route.swift */; };
		04D6932C27CA6A02009F7714 /* User.swift in Sources */ = {isa = PBXBuildFile; fileRef = 04D6932A27CA6A02009F7714 /* User.swift */; };
		04D6932D27CA6A02009F7714 /* PostDetail.swift in Sources */ = {isa = PBXBuildFile; fileRef = 04D6932B27CA6A02009F7714 /* PostDetail.swift */; };
		04D6932F27CA6A53009F7714 /* NetworkService+Extension.swift in Sources */ = {isa = PBXBuildFile; fileRef = 04D6932E27CA6A53009F7714 /* NetworkService+Extension.swift */; };
		04F0324A2791BE500066ABCA /* HomeViewController.swift in Sources */ = {isa = PBXBuildFile; fileRef = 04F032492791BE500066ABCA /* HomeViewController.swift */; };
		04F0324D2791BE500066ABCA /* Main.storyboard in Resources */ = {isa = PBXBuildFile; fileRef = 04F0324B2791BE500066ABCA /* Main.storyboard */; };
		04F0324F2791BE530066ABCA /* Assets.xcassets in Resources */ = {isa = PBXBuildFile; fileRef = 04F0324E2791BE530066ABCA /* Assets.xcassets */; };
		04F032522791BE530066ABCA /* LaunchScreen.storyboard in Resources */ = {isa = PBXBuildFile; fileRef = 04F032502791BE530066ABCA /* LaunchScreen.storyboard */; };
		04F032622791BECE0066ABCA /* LoginViewController.swift in Sources */ = {isa = PBXBuildFile; fileRef = 04F032612791BECE0066ABCA /* LoginViewController.swift */; };
		04F032652791BECE0066ABCA /* Main.storyboard in Resources */ = {isa = PBXBuildFile; fileRef = 04F032632791BECE0066ABCA /* Main.storyboard */; };
		04F032672791BED20066ABCA /* Assets.xcassets in Resources */ = {isa = PBXBuildFile; fileRef = 04F032662791BED20066ABCA /* Assets.xcassets */; };
		04F0326A2791BED20066ABCA /* LaunchScreen.storyboard in Resources */ = {isa = PBXBuildFile; fileRef = 04F032682791BED20066ABCA /* LaunchScreen.storyboard */; };
		04F032722791BF4D0066ABCA /* AppDelegate.swift in Sources */ = {isa = PBXBuildFile; fileRef = 04F032702791BF4D0066ABCA /* AppDelegate.swift */; };
		04F032732791BF4D0066ABCA /* AppDelegate.swift in Sources */ = {isa = PBXBuildFile; fileRef = 04F032702791BF4D0066ABCA /* AppDelegate.swift */; };
		04F032742791BF4D0066ABCA /* SceneDelegate.swift in Sources */ = {isa = PBXBuildFile; fileRef = 04F032712791BF4D0066ABCA /* SceneDelegate.swift */; };
		04F032752791BF4D0066ABCA /* SceneDelegate.swift in Sources */ = {isa = PBXBuildFile; fileRef = 04F032712791BF4D0066ABCA /* SceneDelegate.swift */; };
		04F032812791CAF80066ABCA /* InputValidation.swift in Sources */ = {isa = PBXBuildFile; fileRef = 04F0327D2791CAF80066ABCA /* InputValidation.swift */; };
		04F032822791CAF80066ABCA /* InputValidation.swift in Sources */ = {isa = PBXBuildFile; fileRef = 04F0327D2791CAF80066ABCA /* InputValidation.swift */; };
		04F032832791CAF80066ABCA /* LocalizedError.swift in Sources */ = {isa = PBXBuildFile; fileRef = 04F0327E2791CAF80066ABCA /* LocalizedError.swift */; };
		04F032842791CAF80066ABCA /* LocalizedError.swift in Sources */ = {isa = PBXBuildFile; fileRef = 04F0327E2791CAF80066ABCA /* LocalizedError.swift */; };
		04F032852791CAF80066ABCA /* UIViewController+Extension.swift in Sources */ = {isa = PBXBuildFile; fileRef = 04F032802791CAF80066ABCA /* UIViewController+Extension.swift */; };
		04F032862791CAF80066ABCA /* UIViewController+Extension.swift in Sources */ = {isa = PBXBuildFile; fileRef = 04F032802791CAF80066ABCA /* UIViewController+Extension.swift */; };
		41A8D67860824A945B61896F /* libPods-Network-Call-Using-Reactive-Swift.a in Frameworks */ = {isa = PBXBuildFile; fileRef = FBF691F26D2C6209A222573A /* libPods-Network-Call-Using-Reactive-Swift.a */; };
		6506F50DA9F4CA8D1B78334D /* libPods-Login-Validation-Using-Reactive-Swift.a in Frameworks */ = {isa = PBXBuildFile; fileRef = A656B300BED42C35A06D5F79 /* libPods-Login-Validation-Using-Reactive-Swift.a */; };
		CDB0CE44D62D0EFA07C870CF /* libPods-Sectioned-TableView-Using-Reactive-Swift.a in Frameworks */ = {isa = PBXBuildFile; fileRef = B4FAC88741263DAB36C9E155 /* libPods-Sectioned-TableView-Using-Reactive-Swift.a */; };
/* End PBXBuildFile section */

/* Begin PBXCopyFilesBuildPhase section */
		041B278527CE4C5E00B7DE2A /* Embed App Clips */ = {
			isa = PBXCopyFilesBuildPhase;
			buildActionMask = 2147483647;
			dstPath = "$(CONTENTS_FOLDER_PATH)/AppClips";
			dstSubfolderSpec = 16;
			files = (
			);
			name = "Embed App Clips";
			runOnlyForDeploymentPostprocessing = 0;
		};
/* End PBXCopyFilesBuildPhase section */

/* Begin PBXFileReference section */
		046E2DD62792F2430086095A /* Observables.playground */ = {isa = PBXFileReference; lastKnownFileType = file.playground; path = Observables.playground; sourceTree = "<group>"; xcLanguageSpecificationIdentifier = xcode.lang.swift; };
		046E2DD92792F3860086095A /* Subjects.playground */ = {isa = PBXFileReference; lastKnownFileType = file.playground; path = Subjects.playground; sourceTree = "<group>"; xcLanguageSpecificationIdentifier = xcode.lang.swift; };
		04A3EC6727E4E00C001ED91B /* Sectioned-TableView-Using-Reactive-Swift.app */ = {isa = PBXFileReference; explicitFileType = wrapper.application; includeInIndex = 0; path = "Sectioned-TableView-Using-Reactive-Swift.app"; sourceTree = BUILT_PRODUCTS_DIR; };
		04A3EC6D27E4E00C001ED91B /* NewsListViewController.swift */ = {isa = PBXFileReference; lastKnownFileType = sourcecode.swift; path = NewsListViewController.swift; sourceTree = "<group>"; };
		04A3EC7027E4E00C001ED91B /* Base */ = {isa = PBXFileReference; lastKnownFileType = file.storyboard; name = Base; path = Base.lproj/Main.storyboard; sourceTree = "<group>"; };
		04A3EC7227E4E012001ED91B /* Assets.xcassets */ = {isa = PBXFileReference; lastKnownFileType = folder.assetcatalog; path = Assets.xcassets; sourceTree = "<group>"; };
		04A3EC7527E4E012001ED91B /* Base */ = {isa = PBXFileReference; lastKnownFileType = file.storyboard; name = Base; path = Base.lproj/LaunchScreen.storyboard; sourceTree = "<group>"; };
		04A3EC7727E4E012001ED91B /* Info.plist */ = {isa = PBXFileReference; lastKnownFileType = text.plist.xml; path = Info.plist; sourceTree = "<group>"; };
		04A3EC8127E4F58C001ED91B /* NewsTableViewCell.swift */ = {isa = PBXFileReference; lastKnownFileType = sourcecode.swift; path = NewsTableViewCell.swift; sourceTree = "<group>"; };
		04A3EC8227E4F58C001ED91B /* NewsTableViewCell.xib */ = {isa = PBXFileReference; lastKnownFileType = file.xib; path = NewsTableViewCell.xib; sourceTree = "<group>"; };
		04D6931F27CA6710009F7714 /* NetworkService.swift */ = {isa = PBXFileReference; fileEncoding = 4; lastKnownFileType = sourcecode.swift; path = NetworkService.swift; sourceTree = "<group>"; };
		04D6932027CA6710009F7714 /* HTTPMethod.swift */ = {isa = PBXFileReference; fileEncoding = 4; lastKnownFileType = sourcecode.swift; path = HTTPMethod.swift; sourceTree = "<group>"; };
		04D6932127CA6710009F7714 /* Route.swift */ = {isa = PBXFileReference; fileEncoding = 4; lastKnownFileType = sourcecode.swift; path = Route.swift; sourceTree = "<group>"; };
		04D6932A27CA6A02009F7714 /* User.swift */ = {isa = PBXFileReference; fileEncoding = 4; lastKnownFileType = sourcecode.swift; path = User.swift; sourceTree = "<group>"; };
		04D6932B27CA6A02009F7714 /* PostDetail.swift */ = {isa = PBXFileReference; fileEncoding = 4; lastKnownFileType = sourcecode.swift; path = PostDetail.swift; sourceTree = "<group>"; };
		04D6932E27CA6A53009F7714 /* NetworkService+Extension.swift */ = {isa = PBXFileReference; lastKnownFileType = sourcecode.swift; path = "NetworkService+Extension.swift"; sourceTree = "<group>"; };
		04F032432791BE500066ABCA /* Network-Call-Using-Reactive-Swift.app */ = {isa = PBXFileReference; explicitFileType = wrapper.application; includeInIndex = 0; path = "Network-Call-Using-Reactive-Swift.app"; sourceTree = BUILT_PRODUCTS_DIR; };
		04F032492791BE500066ABCA /* HomeViewController.swift */ = {isa = PBXFileReference; lastKnownFileType = sourcecode.swift; path = HomeViewController.swift; sourceTree = "<group>"; };
		04F0324C2791BE500066ABCA /* Base */ = {isa = PBXFileReference; lastKnownFileType = file.storyboard; name = Base; path = Base.lproj/Main.storyboard; sourceTree = "<group>"; };
		04F0324E2791BE530066ABCA /* Assets.xcassets */ = {isa = PBXFileReference; lastKnownFileType = folder.assetcatalog; path = Assets.xcassets; sourceTree = "<group>"; };
		04F032512791BE530066ABCA /* Base */ = {isa = PBXFileReference; lastKnownFileType = file.storyboard; name = Base; path = Base.lproj/LaunchScreen.storyboard; sourceTree = "<group>"; };
		04F032532791BE530066ABCA /* Info.plist */ = {isa = PBXFileReference; lastKnownFileType = text.plist.xml; path = Info.plist; sourceTree = "<group>"; };
		04F0325B2791BECE0066ABCA /* Login-Validation-Using-Reactive-Swift.app */ = {isa = PBXFileReference; explicitFileType = wrapper.application; includeInIndex = 0; path = "Login-Validation-Using-Reactive-Swift.app"; sourceTree = BUILT_PRODUCTS_DIR; };
		04F032612791BECE0066ABCA /* LoginViewController.swift */ = {isa = PBXFileReference; lastKnownFileType = sourcecode.swift; path = LoginViewController.swift; sourceTree = "<group>"; };
		04F032642791BECE0066ABCA /* Base */ = {isa = PBXFileReference; lastKnownFileType = file.storyboard; name = Base; path = Base.lproj/Main.storyboard; sourceTree = "<group>"; };
		04F032662791BED20066ABCA /* Assets.xcassets */ = {isa = PBXFileReference; lastKnownFileType = folder.assetcatalog; path = Assets.xcassets; sourceTree = "<group>"; };
		04F032692791BED20066ABCA /* Base */ = {isa = PBXFileReference; lastKnownFileType = file.storyboard; name = Base; path = Base.lproj/LaunchScreen.storyboard; sourceTree = "<group>"; };
		04F0326B2791BED20066ABCA /* Info.plist */ = {isa = PBXFileReference; lastKnownFileType = text.plist.xml; path = Info.plist; sourceTree = "<group>"; };
		04F032702791BF4D0066ABCA /* AppDelegate.swift */ = {isa = PBXFileReference; fileEncoding = 4; lastKnownFileType = sourcecode.swift; path = AppDelegate.swift; sourceTree = "<group>"; };
		04F032712791BF4D0066ABCA /* SceneDelegate.swift */ = {isa = PBXFileReference; fileEncoding = 4; lastKnownFileType = sourcecode.swift; path = SceneDelegate.swift; sourceTree = "<group>"; };
		04F0327D2791CAF80066ABCA /* InputValidation.swift */ = {isa = PBXFileReference; fileEncoding = 4; lastKnownFileType = sourcecode.swift; path = InputValidation.swift; sourceTree = "<group>"; };
		04F0327E2791CAF80066ABCA /* LocalizedError.swift */ = {isa = PBXFileReference; fileEncoding = 4; lastKnownFileType = sourcecode.swift; path = LocalizedError.swift; sourceTree = "<group>"; };
		04F032802791CAF80066ABCA /* UIViewController+Extension.swift */ = {isa = PBXFileReference; fileEncoding = 4; lastKnownFileType = sourcecode.swift; path = "UIViewController+Extension.swift"; sourceTree = "<group>"; };
		21C2FEB649912C4719D6B728 /* Pods-Login-Validation-Using-Reactive-Swift.release.xcconfig */ = {isa = PBXFileReference; includeInIndex = 1; lastKnownFileType = text.xcconfig; name = "Pods-Login-Validation-Using-Reactive-Swift.release.xcconfig"; path = "Target Support Files/Pods-Login-Validation-Using-Reactive-Swift/Pods-Login-Validation-Using-Reactive-Swift.release.xcconfig"; sourceTree = "<group>"; };
		40DC03D16AD1CC12FDC97D62 /* Pods-Login-Validation-Using-Reactive-Swift.debug.xcconfig */ = {isa = PBXFileReference; includeInIndex = 1; lastKnownFileType = text.xcconfig; name = "Pods-Login-Validation-Using-Reactive-Swift.debug.xcconfig"; path = "Target Support Files/Pods-Login-Validation-Using-Reactive-Swift/Pods-Login-Validation-Using-Reactive-Swift.debug.xcconfig"; sourceTree = "<group>"; };
		7C111F570470203727CF6450 /* Pods-Network-Call-Using-Reactive-Swift.debug.xcconfig */ = {isa = PBXFileReference; includeInIndex = 1; lastKnownFileType = text.xcconfig; name = "Pods-Network-Call-Using-Reactive-Swift.debug.xcconfig"; path = "Target Support Files/Pods-Network-Call-Using-Reactive-Swift/Pods-Network-Call-Using-Reactive-Swift.debug.xcconfig"; sourceTree = "<group>"; };
		8722F14AE9C5235581449303 /* Pods-Sectioned-TableView-Using-Reactive-Swift.release.xcconfig */ = {isa = PBXFileReference; includeInIndex = 1; lastKnownFileType = text.xcconfig; name = "Pods-Sectioned-TableView-Using-Reactive-Swift.release.xcconfig"; path = "Target Support Files/Pods-Sectioned-TableView-Using-Reactive-Swift/Pods-Sectioned-TableView-Using-Reactive-Swift.release.xcconfig"; sourceTree = "<group>"; };
		A656B300BED42C35A06D5F79 /* libPods-Login-Validation-Using-Reactive-Swift.a */ = {isa = PBXFileReference; explicitFileType = archive.ar; includeInIndex = 0; path = "libPods-Login-Validation-Using-Reactive-Swift.a"; sourceTree = BUILT_PRODUCTS_DIR; };
		B4FAC88741263DAB36C9E155 /* libPods-Sectioned-TableView-Using-Reactive-Swift.a */ = {isa = PBXFileReference; explicitFileType = archive.ar; includeInIndex = 0; path = "libPods-Sectioned-TableView-Using-Reactive-Swift.a"; sourceTree = BUILT_PRODUCTS_DIR; };
		E05FD63E8C72B691ADAE8974 /* Pods-Network-Call-Using-Reactive-Swift.release.xcconfig */ = {isa = PBXFileReference; includeInIndex = 1; lastKnownFileType = text.xcconfig; name = "Pods-Network-Call-Using-Reactive-Swift.release.xcconfig"; path = "Target Support Files/Pods-Network-Call-Using-Reactive-Swift/Pods-Network-Call-Using-Reactive-Swift.release.xcconfig"; sourceTree = "<group>"; };
		E3F4A6FB16C606AF02EE5A49 /* Pods-Sectioned-TableView-Using-Reactive-Swift.debug.xcconfig */ = {isa = PBXFileReference; includeInIndex = 1; lastKnownFileType = text.xcconfig; name = "Pods-Sectioned-TableView-Using-Reactive-Swift.debug.xcconfig"; path = "Target Support Files/Pods-Sectioned-TableView-Using-Reactive-Swift/Pods-Sectioned-TableView-Using-Reactive-Swift.debug.xcconfig"; sourceTree = "<group>"; };
		FBF691F26D2C6209A222573A /* libPods-Network-Call-Using-Reactive-Swift.a */ = {isa = PBXFileReference; explicitFileType = archive.ar; includeInIndex = 0; path = "libPods-Network-Call-Using-Reactive-Swift.a"; sourceTree = BUILT_PRODUCTS_DIR; };
/* End PBXFileReference section */

/* Begin PBXFrameworksBuildPhase section */
		04A3EC6427E4E00C001ED91B /* Frameworks */ = {
			isa = PBXFrameworksBuildPhase;
			buildActionMask = 2147483647;
			files = (
				CDB0CE44D62D0EFA07C870CF /* libPods-Sectioned-TableView-Using-Reactive-Swift.a in Frameworks */,
			);
			runOnlyForDeploymentPostprocessing = 0;
		};
		04F032402791BE500066ABCA /* Frameworks */ = {
			isa = PBXFrameworksBuildPhase;
			buildActionMask = 2147483647;
			files = (
				41A8D67860824A945B61896F /* libPods-Network-Call-Using-Reactive-Swift.a in Frameworks */,
			);
			runOnlyForDeploymentPostprocessing = 0;
		};
		04F032582791BECE0066ABCA /* Frameworks */ = {
			isa = PBXFrameworksBuildPhase;
			buildActionMask = 2147483647;
			files = (
				6506F50DA9F4CA8D1B78334D /* libPods-Login-Validation-Using-Reactive-Swift.a in Frameworks */,
			);
			runOnlyForDeploymentPostprocessing = 0;
		};
/* End PBXFrameworksBuildPhase section */

/* Begin PBXGroup section */
		041E22B82792A70900CE1D0B /* Playground */ = {
			isa = PBXGroup;
			children = (
				046E2DD62792F2430086095A /* Observables.playground */,
				046E2DD92792F3860086095A /* Subjects.playground */,
			);
			path = Playground;
			sourceTree = "<group>";
		};
		04A3EC6827E4E00C001ED91B /* Sectioned-TableView-Using-Reactive-Swift */ = {
			isa = PBXGroup;
			children = (
				04A3EC8727E4F5D1001ED91B /* Controller */,
				04A3EC8627E4F5C4001ED91B /* Storyboard */,
				04A3EC8027E4E08B001ED91B /* Global */,
				04A3EC8527E4F593001ED91B /* NewsTableViewCell */,
			);
			path = "Sectioned-TableView-Using-Reactive-Swift";
			sourceTree = "<group>";
		};
		04A3EC8027E4E08B001ED91B /* Global */ = {
			isa = PBXGroup;
			children = (
				04A3EC7227E4E012001ED91B /* Assets.xcassets */,
				04A3EC7427E4E012001ED91B /* LaunchScreen.storyboard */,
				04A3EC7727E4E012001ED91B /* Info.plist */,
			);
			path = Global;
			sourceTree = "<group>";
		};
		04A3EC8527E4F593001ED91B /* NewsTableViewCell */ = {
			isa = PBXGroup;
			children = (
				04A3EC8127E4F58C001ED91B /* NewsTableViewCell.swift */,
				04A3EC8227E4F58C001ED91B /* NewsTableViewCell.xib */,
			);
			path = NewsTableViewCell;
			sourceTree = "<group>";
		};
		04A3EC8627E4F5C4001ED91B /* Storyboard */ = {
			isa = PBXGroup;
			children = (
				04A3EC6F27E4E00C001ED91B /* Main.storyboard */,
			);
			path = Storyboard;
			sourceTree = "<group>";
		};
		04A3EC8727E4F5D1001ED91B /* Controller */ = {
			isa = PBXGroup;
			children = (
				04A3EC6D27E4E00C001ED91B /* NewsListViewController.swift */,
			);
			path = Controller;
			sourceTree = "<group>";
		};
		04D6931D27CA6710009F7714 /* Service */ = {
			isa = PBXGroup;
			children = (
				04D6931E27CA6710009F7714 /* Network Service */,
				04D6932E27CA6A53009F7714 /* NetworkService+Extension.swift */,
			);
			path = Service;
			sourceTree = "<group>";
		};
		04D6931E27CA6710009F7714 /* Network Service */ = {
			isa = PBXGroup;
			children = (
				04D6931F27CA6710009F7714 /* NetworkService.swift */,
				04D6932027CA6710009F7714 /* HTTPMethod.swift */,
				04D6932127CA6710009F7714 /* Route.swift */,
			);
			path = "Network Service";
			sourceTree = "<group>";
		};
		04D6932927CA6A02009F7714 /* Model */ = {
			isa = PBXGroup;
			children = (
				04D6932A27CA6A02009F7714 /* User.swift */,
				04D6932B27CA6A02009F7714 /* PostDetail.swift */,
			);
			path = Model;
			sourceTree = "<group>";
		};
		04F031892791B54F0066ABCA = {
			isa = PBXGroup;
			children = (
				04F0327C2791CAF80066ABCA /* Extension */,
				04F0326F2791BF4D0066ABCA /* Delegate */,
				04F032442791BE500066ABCA /* Network-Call-Using-Reactive-Swift */,
				04F0325C2791BECE0066ABCA /* Login-Validation-Using-Reactive-Swift */,
				04A3EC6827E4E00C001ED91B /* Sectioned-TableView-Using-Reactive-Swift */,
				04F032112791BDCE0066ABCA /* Products */,
				158B32243BCFF9CEB1372D65 /* Pods */,
				510B00B536D18D19EF7D355D /* Frameworks */,
			);
			sourceTree = "<group>";
		};
		04F032112791BDCE0066ABCA /* Products */ = {
			isa = PBXGroup;
			children = (
				04F032432791BE500066ABCA /* Network-Call-Using-Reactive-Swift.app */,
				04F0325B2791BECE0066ABCA /* Login-Validation-Using-Reactive-Swift.app */,
				04A3EC6727E4E00C001ED91B /* Sectioned-TableView-Using-Reactive-Swift.app */,
			);
			name = Products;
			sourceTree = "<group>";
		};
		04F032442791BE500066ABCA /* Network-Call-Using-Reactive-Swift */ = {
			isa = PBXGroup;
			children = (
				04D6932927CA6A02009F7714 /* Model */,
				04D6931D27CA6710009F7714 /* Service */,
				04F032762791BFB00066ABCA /* Controller */,
				04F0327B2791C0390066ABCA /* Storyboard */,
				04F032772791BFBE0066ABCA /* Global */,
			);
			path = "Network-Call-Using-Reactive-Swift";
			sourceTree = "<group>";
		};
		04F0325C2791BECE0066ABCA /* Login-Validation-Using-Reactive-Swift */ = {
			isa = PBXGroup;
			children = (
				041E22B82792A70900CE1D0B /* Playground */,
				04F032782791C0020066ABCA /* Controller */,
				04F0327A2791C0260066ABCA /* Storyboard */,
				04F032792791C0180066ABCA /* Global */,
			);
			path = "Login-Validation-Using-Reactive-Swift";
			sourceTree = "<group>";
		};
		04F0326F2791BF4D0066ABCA /* Delegate */ = {
			isa = PBXGroup;
			children = (
				04F032702791BF4D0066ABCA /* AppDelegate.swift */,
				04F032712791BF4D0066ABCA /* SceneDelegate.swift */,
			);
			path = Delegate;
			sourceTree = "<group>";
		};
		04F032762791BFB00066ABCA /* Controller */ = {
			isa = PBXGroup;
			children = (
				04F032492791BE500066ABCA /* HomeViewController.swift */,
			);
			path = Controller;
			sourceTree = "<group>";
		};
		04F032772791BFBE0066ABCA /* Global */ = {
			isa = PBXGroup;
			children = (
				04F0324E2791BE530066ABCA /* Assets.xcassets */,
				04F032502791BE530066ABCA /* LaunchScreen.storyboard */,
				04F032532791BE530066ABCA /* Info.plist */,
			);
			path = Global;
			sourceTree = "<group>";
		};
		04F032782791C0020066ABCA /* Controller */ = {
			isa = PBXGroup;
			children = (
				04F032612791BECE0066ABCA /* LoginViewController.swift */,
			);
			path = Controller;
			sourceTree = "<group>";
		};
		04F032792791C0180066ABCA /* Global */ = {
			isa = PBXGroup;
			children = (
				04F032662791BED20066ABCA /* Assets.xcassets */,
				04F032682791BED20066ABCA /* LaunchScreen.storyboard */,
				04F0326B2791BED20066ABCA /* Info.plist */,
			);
			path = Global;
			sourceTree = "<group>";
		};
		04F0327A2791C0260066ABCA /* Storyboard */ = {
			isa = PBXGroup;
			children = (
				04F032632791BECE0066ABCA /* Main.storyboard */,
			);
			path = Storyboard;
			sourceTree = "<group>";
		};
		04F0327B2791C0390066ABCA /* Storyboard */ = {
			isa = PBXGroup;
			children = (
				04F0324B2791BE500066ABCA /* Main.storyboard */,
			);
			path = Storyboard;
			sourceTree = "<group>";
		};
		04F0327C2791CAF80066ABCA /* Extension */ = {
			isa = PBXGroup;
			children = (
				04F0327D2791CAF80066ABCA /* InputValidation.swift */,
				04F0327E2791CAF80066ABCA /* LocalizedError.swift */,
				04F0327F2791CAF80066ABCA /* UI+Extension */,
			);
			path = Extension;
			sourceTree = "<group>";
		};
		04F0327F2791CAF80066ABCA /* UI+Extension */ = {
			isa = PBXGroup;
			children = (
				04F032802791CAF80066ABCA /* UIViewController+Extension.swift */,
			);
			path = "UI+Extension";
			sourceTree = "<group>";
		};
		158B32243BCFF9CEB1372D65 /* Pods */ = {
			isa = PBXGroup;
			children = (
				40DC03D16AD1CC12FDC97D62 /* Pods-Login-Validation-Using-Reactive-Swift.debug.xcconfig */,
				21C2FEB649912C4719D6B728 /* Pods-Login-Validation-Using-Reactive-Swift.release.xcconfig */,
				7C111F570470203727CF6450 /* Pods-Network-Call-Using-Reactive-Swift.debug.xcconfig */,
				E05FD63E8C72B691ADAE8974 /* Pods-Network-Call-Using-Reactive-Swift.release.xcconfig */,
				E3F4A6FB16C606AF02EE5A49 /* Pods-Sectioned-TableView-Using-Reactive-Swift.debug.xcconfig */,
				8722F14AE9C5235581449303 /* Pods-Sectioned-TableView-Using-Reactive-Swift.release.xcconfig */,
			);
			path = Pods;
			sourceTree = "<group>";
		};
		510B00B536D18D19EF7D355D /* Frameworks */ = {
			isa = PBXGroup;
			children = (
				A656B300BED42C35A06D5F79 /* libPods-Login-Validation-Using-Reactive-Swift.a */,
				FBF691F26D2C6209A222573A /* libPods-Network-Call-Using-Reactive-Swift.a */,
				B4FAC88741263DAB36C9E155 /* libPods-Sectioned-TableView-Using-Reactive-Swift.a */,
			);
			name = Frameworks;
			sourceTree = "<group>";
		};
/* End PBXGroup section */

/* Begin PBXNativeTarget section */
		04A3EC6627E4E00C001ED91B /* Sectioned-TableView-Using-Reactive-Swift */ = {
			isa = PBXNativeTarget;
			buildConfigurationList = 04A3EC7A27E4E013001ED91B /* Build configuration list for PBXNativeTarget "Sectioned-TableView-Using-Reactive-Swift" */;
			buildPhases = (
				A383517071A67B4A49923CB2 /* [CP] Check Pods Manifest.lock */,
				04A3EC6327E4E00C001ED91B /* Sources */,
				04A3EC6427E4E00C001ED91B /* Frameworks */,
				04A3EC6527E4E00C001ED91B /* Resources */,
			);
			buildRules = (
			);
			dependencies = (
			);
			name = "Sectioned-TableView-Using-Reactive-Swift";
			productName = "Sectioned-TableView-Using-Reactive-Swift";
			productReference = 04A3EC6727E4E00C001ED91B /* Sectioned-TableView-Using-Reactive-Swift.app */;
			productType = "com.apple.product-type.application";
		};
		04F032422791BE500066ABCA /* Network-Call-Using-Reactive-Swift */ = {
			isa = PBXNativeTarget;
			buildConfigurationList = 04F032542791BE530066ABCA /* Build configuration list for PBXNativeTarget "Network-Call-Using-Reactive-Swift" */;
			buildPhases = (
				8B3C7627835DFDF336E0E825 /* [CP] Check Pods Manifest.lock */,
				04F0323F2791BE500066ABCA /* Sources */,
				04F032402791BE500066ABCA /* Frameworks */,
				04F032412791BE500066ABCA /* Resources */,
				041B278527CE4C5E00B7DE2A /* Embed App Clips */,
			);
			buildRules = (
			);
			dependencies = (
			);
			name = "Network-Call-Using-Reactive-Swift";
			productName = "Network-Call-Using-Reactive-Swift";
			productReference = 04F032432791BE500066ABCA /* Network-Call-Using-Reactive-Swift.app */;
			productType = "com.apple.product-type.application";
		};
		04F0325A2791BECE0066ABCA /* Login-Validation-Using-Reactive-Swift */ = {
			isa = PBXNativeTarget;
			buildConfigurationList = 04F0326C2791BED20066ABCA /* Build configuration list for PBXNativeTarget "Login-Validation-Using-Reactive-Swift" */;
			buildPhases = (
				CB4AFCAB3DAA0F080AF18A6D /* [CP] Check Pods Manifest.lock */,
				04F032572791BECE0066ABCA /* Sources */,
				04F032582791BECE0066ABCA /* Frameworks */,
				04F032592791BECE0066ABCA /* Resources */,
			);
			buildRules = (
			);
			dependencies = (
			);
			name = "Login-Validation-Using-Reactive-Swift";
			productName = "Login-Validation-Using-Reactive-Swift";
			productReference = 04F0325B2791BECE0066ABCA /* Login-Validation-Using-Reactive-Swift.app */;
			productType = "com.apple.product-type.application";
		};
/* End PBXNativeTarget section */

/* Begin PBXProject section */
		04F0318A2791B54F0066ABCA /* Project object */ = {
			isa = PBXProject;
			attributes = {
				BuildIndependentTargetsInParallel = 1;
				LastSwiftUpdateCheck = 1310;
				LastUpgradeCheck = 1310;
				TargetAttributes = {
					04A3EC6627E4E00C001ED91B = {
						CreatedOnToolsVersion = 13.1;
					};
					04F032422791BE500066ABCA = {
						CreatedOnToolsVersion = 13.1;
					};
					04F0325A2791BECE0066ABCA = {
						CreatedOnToolsVersion = 13.1;
					};
				};
			};
			buildConfigurationList = 04F0318D2791B54F0066ABCA /* Build configuration list for PBXProject "Reactive-Swift-Examples" */;
			compatibilityVersion = "Xcode 13.0";
			developmentRegion = en;
			hasScannedForEncodings = 0;
			knownRegions = (
				en,
				Base,
			);
			mainGroup = 04F031892791B54F0066ABCA;
			productRefGroup = 04F032112791BDCE0066ABCA /* Products */;
			projectDirPath = "";
			projectRoot = "";
			targets = (
				04F032422791BE500066ABCA /* Network-Call-Using-Reactive-Swift */,
				04F0325A2791BECE0066ABCA /* Login-Validation-Using-Reactive-Swift */,
				04A3EC6627E4E00C001ED91B /* Sectioned-TableView-Using-Reactive-Swift */,
			);
		};
/* End PBXProject section */

/* Begin PBXResourcesBuildPhase section */
		04A3EC6527E4E00C001ED91B /* Resources */ = {
			isa = PBXResourcesBuildPhase;
			buildActionMask = 2147483647;
			files = (
				04A3EC7627E4E012001ED91B /* LaunchScreen.storyboard in Resources */,
				04A3EC7327E4E012001ED91B /* Assets.xcassets in Resources */,
				04A3EC8427E4F58C001ED91B /* NewsTableViewCell.xib in Resources */,
				04A3EC7127E4E00C001ED91B /* Main.storyboard in Resources */,
			);
			runOnlyForDeploymentPostprocessing = 0;
		};
		04F032412791BE500066ABCA /* Resources */ = {
			isa = PBXResourcesBuildPhase;
			buildActionMask = 2147483647;
			files = (
				04F032522791BE530066ABCA /* LaunchScreen.storyboard in Resources */,
				04F0324F2791BE530066ABCA /* Assets.xcassets in Resources */,
				04F0324D2791BE500066ABCA /* Main.storyboard in Resources */,
			);
			runOnlyForDeploymentPostprocessing = 0;
		};
		04F032592791BECE0066ABCA /* Resources */ = {
			isa = PBXResourcesBuildPhase;
			buildActionMask = 2147483647;
			files = (
				04F0326A2791BED20066ABCA /* LaunchScreen.storyboard in Resources */,
				04F032672791BED20066ABCA /* Assets.xcassets in Resources */,
				04F032652791BECE0066ABCA /* Main.storyboard in Resources */,
			);
			runOnlyForDeploymentPostprocessing = 0;
		};
/* End PBXResourcesBuildPhase section */

/* Begin PBXShellScriptBuildPhase section */
		8B3C7627835DFDF336E0E825 /* [CP] Check Pods Manifest.lock */ = {
			isa = PBXShellScriptBuildPhase;
			buildActionMask = 2147483647;
			files = (
			);
			inputFileListPaths = (
			);
			inputPaths = (
				"${PODS_PODFILE_DIR_PATH}/Podfile.lock",
				"${PODS_ROOT}/Manifest.lock",
			);
			name = "[CP] Check Pods Manifest.lock";
			outputFileListPaths = (
			);
			outputPaths = (
				"$(DERIVED_FILE_DIR)/Pods-Network-Call-Using-Reactive-Swift-checkManifestLockResult.txt",
			);
			runOnlyForDeploymentPostprocessing = 0;
			shellPath = /bin/sh;
			shellScript = "diff \"${PODS_PODFILE_DIR_PATH}/Podfile.lock\" \"${PODS_ROOT}/Manifest.lock\" > /dev/null\nif [ $? != 0 ] ; then\n    # print error to STDERR\n    echo \"error: The sandbox is not in sync with the Podfile.lock. Run 'pod install' or update your CocoaPods installation.\" >&2\n    exit 1\nfi\n# This output is used by Xcode 'outputs' to avoid re-running this script phase.\necho \"SUCCESS\" > \"${SCRIPT_OUTPUT_FILE_0}\"\n";
			showEnvVarsInLog = 0;
		};
		A383517071A67B4A49923CB2 /* [CP] Check Pods Manifest.lock */ = {
			isa = PBXShellScriptBuildPhase;
			buildActionMask = 2147483647;
			files = (
			);
			inputFileListPaths = (
			);
			inputPaths = (
				"${PODS_PODFILE_DIR_PATH}/Podfile.lock",
				"${PODS_ROOT}/Manifest.lock",
			);
			name = "[CP] Check Pods Manifest.lock";
			outputFileListPaths = (
			);
			outputPaths = (
				"$(DERIVED_FILE_DIR)/Pods-Sectioned-TableView-Using-Reactive-Swift-checkManifestLockResult.txt",
			);
			runOnlyForDeploymentPostprocessing = 0;
			shellPath = /bin/sh;
			shellScript = "diff \"${PODS_PODFILE_DIR_PATH}/Podfile.lock\" \"${PODS_ROOT}/Manifest.lock\" > /dev/null\nif [ $? != 0 ] ; then\n    # print error to STDERR\n    echo \"error: The sandbox is not in sync with the Podfile.lock. Run 'pod install' or update your CocoaPods installation.\" >&2\n    exit 1\nfi\n# This output is used by Xcode 'outputs' to avoid re-running this script phase.\necho \"SUCCESS\" > \"${SCRIPT_OUTPUT_FILE_0}\"\n";
			showEnvVarsInLog = 0;
		};
		CB4AFCAB3DAA0F080AF18A6D /* [CP] Check Pods Manifest.lock */ = {
			isa = PBXShellScriptBuildPhase;
			buildActionMask = 2147483647;
			files = (
			);
			inputFileListPaths = (
			);
			inputPaths = (
				"${PODS_PODFILE_DIR_PATH}/Podfile.lock",
				"${PODS_ROOT}/Manifest.lock",
			);
			name = "[CP] Check Pods Manifest.lock";
			outputFileListPaths = (
			);
			outputPaths = (
				"$(DERIVED_FILE_DIR)/Pods-Login-Validation-Using-Reactive-Swift-checkManifestLockResult.txt",
			);
			runOnlyForDeploymentPostprocessing = 0;
			shellPath = /bin/sh;
			shellScript = "diff \"${PODS_PODFILE_DIR_PATH}/Podfile.lock\" \"${PODS_ROOT}/Manifest.lock\" > /dev/null\nif [ $? != 0 ] ; then\n    # print error to STDERR\n    echo \"error: The sandbox is not in sync with the Podfile.lock. Run 'pod install' or update your CocoaPods installation.\" >&2\n    exit 1\nfi\n# This output is used by Xcode 'outputs' to avoid re-running this script phase.\necho \"SUCCESS\" > \"${SCRIPT_OUTPUT_FILE_0}\"\n";
			showEnvVarsInLog = 0;
		};
/* End PBXShellScriptBuildPhase section */

/* Begin PBXSourcesBuildPhase section */
		04A3EC6327E4E00C001ED91B /* Sources */ = {
			isa = PBXSourcesBuildPhase;
			buildActionMask = 2147483647;
			files = (
				04A3EC7D27E4E061001ED91B /* UIViewController+Extension.swift in Sources */,
				04A3EC8327E4F58C001ED91B /* NewsTableViewCell.swift in Sources */,
				04A3EC7C27E4E05D001ED91B /* LocalizedError.swift in Sources */,
				04A3EC6E27E4E00C001ED91B /* NewsListViewController.swift in Sources */,
				04A3EC7E27E4E067001ED91B /* AppDelegate.swift in Sources */,
				04A3EC7B27E4E059001ED91B /* InputValidation.swift in Sources */,
				04A3EC7F27E4E06B001ED91B /* SceneDelegate.swift in Sources */,
			);
			runOnlyForDeploymentPostprocessing = 0;
		};
		04F0323F2791BE500066ABCA /* Sources */ = {
			isa = PBXSourcesBuildPhase;
			buildActionMask = 2147483647;
			files = (
				04D6932627CA6710009F7714 /* Route.swift in Sources */,
				04F032852791CAF80066ABCA /* UIViewController+Extension.swift in Sources */,
				04F032742791BF4D0066ABCA /* SceneDelegate.swift in Sources */,
				04F032722791BF4D0066ABCA /* AppDelegate.swift in Sources */,
				04F0324A2791BE500066ABCA /* HomeViewController.swift in Sources */,
				04D6932F27CA6A53009F7714 /* NetworkService+Extension.swift in Sources */,
				04D6932527CA6710009F7714 /* HTTPMethod.swift in Sources */,
				04D6932C27CA6A02009F7714 /* User.swift in Sources */,
				04D6932D27CA6A02009F7714 /* PostDetail.swift in Sources */,
				04F032832791CAF80066ABCA /* LocalizedError.swift in Sources */,
				04F032812791CAF80066ABCA /* InputValidation.swift in Sources */,
				04D6932427CA6710009F7714 /* NetworkService.swift in Sources */,
			);
			runOnlyForDeploymentPostprocessing = 0;
		};
		04F032572791BECE0066ABCA /* Sources */ = {
			isa = PBXSourcesBuildPhase;
			buildActionMask = 2147483647;
			files = (
				04F032862791CAF80066ABCA /* UIViewController+Extension.swift in Sources */,
				04F032752791BF4D0066ABCA /* SceneDelegate.swift in Sources */,
				04F032732791BF4D0066ABCA /* AppDelegate.swift in Sources */,
				04F032622791BECE0066ABCA /* LoginViewController.swift in Sources */,
				04F032842791CAF80066ABCA /* LocalizedError.swift in Sources */,
				04F032822791CAF80066ABCA /* InputValidation.swift in Sources */,
			);
			runOnlyForDeploymentPostprocessing = 0;
		};
/* End PBXSourcesBuildPhase section */

/* Begin PBXVariantGroup section */
		04A3EC6F27E4E00C001ED91B /* Main.storyboard */ = {
			isa = PBXVariantGroup;
			children = (
				04A3EC7027E4E00C001ED91B /* Base */,
			);
			name = Main.storyboard;
			sourceTree = "<group>";
		};
		04A3EC7427E4E012001ED91B /* LaunchScreen.storyboard */ = {
			isa = PBXVariantGroup;
			children = (
				04A3EC7527E4E012001ED91B /* Base */,
			);
			name = LaunchScreen.storyboard;
			sourceTree = "<group>";
		};
		04F0324B2791BE500066ABCA /* Main.storyboard */ = {
			isa = PBXVariantGroup;
			children = (
				04F0324C2791BE500066ABCA /* Base */,
			);
			name = Main.storyboard;
			sourceTree = "<group>";
		};
		04F032502791BE530066ABCA /* LaunchScreen.storyboard */ = {
			isa = PBXVariantGroup;
			children = (
				04F032512791BE530066ABCA /* Base */,
			);
			name = LaunchScreen.storyboard;
			sourceTree = "<group>";
		};
		04F032632791BECE0066ABCA /* Main.storyboard */ = {
			isa = PBXVariantGroup;
			children = (
				04F032642791BECE0066ABCA /* Base */,
			);
			name = Main.storyboard;
			sourceTree = "<group>";
		};
		04F032682791BED20066ABCA /* LaunchScreen.storyboard */ = {
			isa = PBXVariantGroup;
			children = (
				04F032692791BED20066ABCA /* Base */,
			);
			name = LaunchScreen.storyboard;
			sourceTree = "<group>";
		};
/* End PBXVariantGroup section */

/* Begin XCBuildConfiguration section */
		04A3EC7827E4E012001ED91B /* Debug */ = {
			isa = XCBuildConfiguration;
			baseConfigurationReference = E3F4A6FB16C606AF02EE5A49 /* Pods-Sectioned-TableView-Using-Reactive-Swift.debug.xcconfig */;
			buildSettings = {
				ALWAYS_SEARCH_USER_PATHS = NO;
				ASSETCATALOG_COMPILER_APPICON_NAME = AppIcon;
				ASSETCATALOG_COMPILER_GLOBAL_ACCENT_COLOR_NAME = AccentColor;
				CLANG_ANALYZER_NONNULL = YES;
				CLANG_ANALYZER_NUMBER_OBJECT_CONVERSION = YES_AGGRESSIVE;
				CLANG_CXX_LANGUAGE_STANDARD = "gnu++17";
				CLANG_CXX_LIBRARY = "libc++";
				CLANG_ENABLE_MODULES = YES;
				CLANG_ENABLE_OBJC_ARC = YES;
				CLANG_ENABLE_OBJC_WEAK = YES;
				CLANG_WARN_DIRECT_OBJC_ISA_USAGE = YES_ERROR;
				CLANG_WARN_DOCUMENTATION_COMMENTS = YES;
				CLANG_WARN_OBJC_ROOT_CLASS = YES_ERROR;
				CLANG_WARN_UNGUARDED_AVAILABILITY = YES_AGGRESSIVE;
				CODE_SIGN_STYLE = Automatic;
				COPY_PHASE_STRIP = NO;
				CURRENT_PROJECT_VERSION = 1;
				DEBUG_INFORMATION_FORMAT = dwarf;
				GCC_C_LANGUAGE_STANDARD = gnu11;
				GCC_DYNAMIC_NO_PIC = NO;
				GCC_OPTIMIZATION_LEVEL = 0;
				GCC_PREPROCESSOR_DEFINITIONS = (
					"DEBUG=1",
					"$(inherited)",
				);
				GCC_WARN_ABOUT_RETURN_TYPE = YES_ERROR;
				GCC_WARN_UNINITIALIZED_AUTOS = YES_AGGRESSIVE;
				GENERATE_INFOPLIST_FILE = YES;
				INFOPLIST_FILE = "Sectioned-TableView-Using-Reactive-Swift/Global/Info.plist";
				INFOPLIST_KEY_UIApplicationSupportsIndirectInputEvents = YES;
				INFOPLIST_KEY_UILaunchStoryboardName = LaunchScreen;
				INFOPLIST_KEY_UIMainStoryboardFile = Main;
				INFOPLIST_KEY_UISupportedInterfaceOrientations_iPad = "UIInterfaceOrientationPortrait UIInterfaceOrientationPortraitUpsideDown UIInterfaceOrientationLandscapeLeft UIInterfaceOrientationLandscapeRight";
				INFOPLIST_KEY_UISupportedInterfaceOrientations_iPhone = "UIInterfaceOrientationPortrait UIInterfaceOrientationLandscapeLeft UIInterfaceOrientationLandscapeRight";
				IPHONEOS_DEPLOYMENT_TARGET = 15.0;
				LD_RUNPATH_SEARCH_PATHS = (
					"$(inherited)",
					"@executable_path/Frameworks",
				);
				MARKETING_VERSION = 1.0;
				MTL_ENABLE_DEBUG_INFO = INCLUDE_SOURCE;
				MTL_FAST_MATH = YES;
				PRODUCT_BUNDLE_IDENTIFIER = "Sparkout-Tech-Solution.Sectioned-TableView-Using-Reactive-Swift";
				PRODUCT_NAME = "$(TARGET_NAME)";
				SDKROOT = iphoneos;
				SWIFT_ACTIVE_COMPILATION_CONDITIONS = DEBUG;
				SWIFT_EMIT_LOC_STRINGS = YES;
				SWIFT_OPTIMIZATION_LEVEL = "-Onone";
				SWIFT_VERSION = 5.0;
				TARGETED_DEVICE_FAMILY = "1,2";
			};
			name = Debug;
		};
		04A3EC7927E4E012001ED91B /* Release */ = {
			isa = XCBuildConfiguration;
			baseConfigurationReference = 8722F14AE9C5235581449303 /* Pods-Sectioned-TableView-Using-Reactive-Swift.release.xcconfig */;
			buildSettings = {
				ALWAYS_SEARCH_USER_PATHS = NO;
				ASSETCATALOG_COMPILER_APPICON_NAME = AppIcon;
				ASSETCATALOG_COMPILER_GLOBAL_ACCENT_COLOR_NAME = AccentColor;
				CLANG_ANALYZER_NONNULL = YES;
				CLANG_ANALYZER_NUMBER_OBJECT_CONVERSION = YES_AGGRESSIVE;
				CLANG_CXX_LANGUAGE_STANDARD = "gnu++17";
				CLANG_CXX_LIBRARY = "libc++";
				CLANG_ENABLE_MODULES = YES;
				CLANG_ENABLE_OBJC_ARC = YES;
				CLANG_ENABLE_OBJC_WEAK = YES;
				CLANG_WARN_DIRECT_OBJC_ISA_USAGE = YES_ERROR;
				CLANG_WARN_DOCUMENTATION_COMMENTS = YES;
				CLANG_WARN_OBJC_ROOT_CLASS = YES_ERROR;
				CLANG_WARN_UNGUARDED_AVAILABILITY = YES_AGGRESSIVE;
				CODE_SIGN_STYLE = Automatic;
				COPY_PHASE_STRIP = NO;
				CURRENT_PROJECT_VERSION = 1;
				DEBUG_INFORMATION_FORMAT = "dwarf-with-dsym";
				ENABLE_NS_ASSERTIONS = NO;
				GCC_C_LANGUAGE_STANDARD = gnu11;
				GCC_WARN_ABOUT_RETURN_TYPE = YES_ERROR;
				GCC_WARN_UNINITIALIZED_AUTOS = YES_AGGRESSIVE;
				GENERATE_INFOPLIST_FILE = YES;
				INFOPLIST_FILE = "Sectioned-TableView-Using-Reactive-Swift/Global/Info.plist";
				INFOPLIST_KEY_UIApplicationSupportsIndirectInputEvents = YES;
				INFOPLIST_KEY_UILaunchStoryboardName = LaunchScreen;
				INFOPLIST_KEY_UIMainStoryboardFile = Main;
				INFOPLIST_KEY_UISupportedInterfaceOrientations_iPad = "UIInterfaceOrientationPortrait UIInterfaceOrientationPortraitUpsideDown UIInterfaceOrientationLandscapeLeft UIInterfaceOrientationLandscapeRight";
				INFOPLIST_KEY_UISupportedInterfaceOrientations_iPhone = "UIInterfaceOrientationPortrait UIInterfaceOrientationLandscapeLeft UIInterfaceOrientationLandscapeRight";
				IPHONEOS_DEPLOYMENT_TARGET = 15.0;
				LD_RUNPATH_SEARCH_PATHS = (
					"$(inherited)",
					"@executable_path/Frameworks",
				);
				MARKETING_VERSION = 1.0;
				MTL_ENABLE_DEBUG_INFO = NO;
				MTL_FAST_MATH = YES;
				PRODUCT_BUNDLE_IDENTIFIER = "Sparkout-Tech-Solution.Sectioned-TableView-Using-Reactive-Swift";
				PRODUCT_NAME = "$(TARGET_NAME)";
				SDKROOT = iphoneos;
				SWIFT_COMPILATION_MODE = wholemodule;
				SWIFT_EMIT_LOC_STRINGS = YES;
				SWIFT_OPTIMIZATION_LEVEL = "-O";
				SWIFT_VERSION = 5.0;
				TARGETED_DEVICE_FAMILY = "1,2";
				VALIDATE_PRODUCT = YES;
			};
			name = Release;
		};
		04F0318E2791B54F0066ABCA /* Debug */ = {
			isa = XCBuildConfiguration;
			buildSettings = {
				CLANG_WARN_BLOCK_CAPTURE_AUTORELEASING = YES;
				CLANG_WARN_BOOL_CONVERSION = YES;
				CLANG_WARN_COMMA = YES;
				CLANG_WARN_CONSTANT_CONVERSION = YES;
				CLANG_WARN_DEPRECATED_OBJC_IMPLEMENTATIONS = YES;
				CLANG_WARN_EMPTY_BODY = YES;
				CLANG_WARN_ENUM_CONVERSION = YES;
				CLANG_WARN_INFINITE_RECURSION = YES;
				CLANG_WARN_INT_CONVERSION = YES;
				CLANG_WARN_NON_LITERAL_NULL_CONVERSION = YES;
				CLANG_WARN_OBJC_IMPLICIT_RETAIN_SELF = YES;
				CLANG_WARN_OBJC_LITERAL_CONVERSION = YES;
				CLANG_WARN_QUOTED_INCLUDE_IN_FRAMEWORK_HEADER = YES;
				CLANG_WARN_RANGE_LOOP_ANALYSIS = YES;
				CLANG_WARN_STRICT_PROTOTYPES = YES;
				CLANG_WARN_SUSPICIOUS_MOVE = YES;
				CLANG_WARN_UNREACHABLE_CODE = YES;
				CLANG_WARN__DUPLICATE_METHOD_MATCH = YES;
				ENABLE_STRICT_OBJC_MSGSEND = YES;
				ENABLE_TESTABILITY = YES;
				GCC_NO_COMMON_BLOCKS = YES;
				GCC_WARN_64_TO_32_BIT_CONVERSION = YES;
				GCC_WARN_ABOUT_RETURN_TYPE = YES;
				GCC_WARN_UNDECLARED_SELECTOR = YES;
				GCC_WARN_UNINITIALIZED_AUTOS = YES;
				GCC_WARN_UNUSED_FUNCTION = YES;
				GCC_WARN_UNUSED_VARIABLE = YES;
				ONLY_ACTIVE_ARCH = YES;
			};
			name = Debug;
		};
		04F0318F2791B54F0066ABCA /* Release */ = {
			isa = XCBuildConfiguration;
			buildSettings = {
				CLANG_WARN_BLOCK_CAPTURE_AUTORELEASING = YES;
				CLANG_WARN_BOOL_CONVERSION = YES;
				CLANG_WARN_COMMA = YES;
				CLANG_WARN_CONSTANT_CONVERSION = YES;
				CLANG_WARN_DEPRECATED_OBJC_IMPLEMENTATIONS = YES;
				CLANG_WARN_EMPTY_BODY = YES;
				CLANG_WARN_ENUM_CONVERSION = YES;
				CLANG_WARN_INFINITE_RECURSION = YES;
				CLANG_WARN_INT_CONVERSION = YES;
				CLANG_WARN_NON_LITERAL_NULL_CONVERSION = YES;
				CLANG_WARN_OBJC_IMPLICIT_RETAIN_SELF = YES;
				CLANG_WARN_OBJC_LITERAL_CONVERSION = YES;
				CLANG_WARN_QUOTED_INCLUDE_IN_FRAMEWORK_HEADER = YES;
				CLANG_WARN_RANGE_LOOP_ANALYSIS = YES;
				CLANG_WARN_STRICT_PROTOTYPES = YES;
				CLANG_WARN_SUSPICIOUS_MOVE = YES;
				CLANG_WARN_UNREACHABLE_CODE = YES;
				CLANG_WARN__DUPLICATE_METHOD_MATCH = YES;
				ENABLE_STRICT_OBJC_MSGSEND = YES;
				GCC_NO_COMMON_BLOCKS = YES;
				GCC_WARN_64_TO_32_BIT_CONVERSION = YES;
				GCC_WARN_ABOUT_RETURN_TYPE = YES;
				GCC_WARN_UNDECLARED_SELECTOR = YES;
				GCC_WARN_UNINITIALIZED_AUTOS = YES;
				GCC_WARN_UNUSED_FUNCTION = YES;
				GCC_WARN_UNUSED_VARIABLE = YES;
			};
			name = Release;
		};
		04F032552791BE530066ABCA /* Debug */ = {
			isa = XCBuildConfiguration;
			baseConfigurationReference = 7C111F570470203727CF6450 /* Pods-Network-Call-Using-Reactive-Swift.debug.xcconfig */;
			buildSettings = {
				ALWAYS_SEARCH_USER_PATHS = NO;
				ASSETCATALOG_COMPILER_APPICON_NAME = AppIcon;
				ASSETCATALOG_COMPILER_GLOBAL_ACCENT_COLOR_NAME = AccentColor;
				CLANG_ANALYZER_NONNULL = YES;
				CLANG_ANALYZER_NUMBER_OBJECT_CONVERSION = YES_AGGRESSIVE;
				CLANG_CXX_LANGUAGE_STANDARD = "gnu++17";
				CLANG_CXX_LIBRARY = "libc++";
				CLANG_ENABLE_MODULES = YES;
				CLANG_ENABLE_OBJC_ARC = YES;
				CLANG_ENABLE_OBJC_WEAK = YES;
				CLANG_WARN_BLOCK_CAPTURE_AUTORELEASING = YES;
				CLANG_WARN_BOOL_CONVERSION = YES;
				CLANG_WARN_COMMA = YES;
				CLANG_WARN_CONSTANT_CONVERSION = YES;
				CLANG_WARN_DEPRECATED_OBJC_IMPLEMENTATIONS = YES;
				CLANG_WARN_DIRECT_OBJC_ISA_USAGE = YES_ERROR;
				CLANG_WARN_DOCUMENTATION_COMMENTS = YES;
				CLANG_WARN_EMPTY_BODY = YES;
				CLANG_WARN_ENUM_CONVERSION = YES;
				CLANG_WARN_INFINITE_RECURSION = YES;
				CLANG_WARN_INT_CONVERSION = YES;
				CLANG_WARN_NON_LITERAL_NULL_CONVERSION = YES;
				CLANG_WARN_OBJC_IMPLICIT_RETAIN_SELF = YES;
				CLANG_WARN_OBJC_LITERAL_CONVERSION = YES;
				CLANG_WARN_OBJC_ROOT_CLASS = YES_ERROR;
				CLANG_WARN_QUOTED_INCLUDE_IN_FRAMEWORK_HEADER = YES;
				CLANG_WARN_RANGE_LOOP_ANALYSIS = YES;
				CLANG_WARN_STRICT_PROTOTYPES = YES;
				CLANG_WARN_SUSPICIOUS_MOVE = YES;
				CLANG_WARN_UNGUARDED_AVAILABILITY = YES_AGGRESSIVE;
				CLANG_WARN_UNREACHABLE_CODE = YES;
				CLANG_WARN__DUPLICATE_METHOD_MATCH = YES;
				CODE_SIGN_STYLE = Automatic;
				COPY_PHASE_STRIP = NO;
				CURRENT_PROJECT_VERSION = 1;
				DEBUG_INFORMATION_FORMAT = dwarf;
				ENABLE_STRICT_OBJC_MSGSEND = YES;
				ENABLE_TESTABILITY = YES;
				GCC_C_LANGUAGE_STANDARD = gnu11;
				GCC_DYNAMIC_NO_PIC = NO;
				GCC_NO_COMMON_BLOCKS = YES;
				GCC_OPTIMIZATION_LEVEL = 0;
				GCC_PREPROCESSOR_DEFINITIONS = (
					"DEBUG=1",
					"$(inherited)",
				);
				GCC_WARN_64_TO_32_BIT_CONVERSION = YES;
				GCC_WARN_ABOUT_RETURN_TYPE = YES_ERROR;
				GCC_WARN_UNDECLARED_SELECTOR = YES;
				GCC_WARN_UNINITIALIZED_AUTOS = YES_AGGRESSIVE;
				GCC_WARN_UNUSED_FUNCTION = YES;
				GCC_WARN_UNUSED_VARIABLE = YES;
				GENERATE_INFOPLIST_FILE = YES;
				INFOPLIST_FILE = "Network-Call-Using-Reactive-Swift/Global/Info.plist";
				INFOPLIST_KEY_UIApplicationSupportsIndirectInputEvents = YES;
				INFOPLIST_KEY_UILaunchStoryboardName = LaunchScreen;
				INFOPLIST_KEY_UIMainStoryboardFile = Main;
				INFOPLIST_KEY_UISupportedInterfaceOrientations_iPad = "UIInterfaceOrientationPortrait UIInterfaceOrientationPortraitUpsideDown UIInterfaceOrientationLandscapeLeft UIInterfaceOrientationLandscapeRight";
				INFOPLIST_KEY_UISupportedInterfaceOrientations_iPhone = "UIInterfaceOrientationPortrait UIInterfaceOrientationLandscapeLeft UIInterfaceOrientationLandscapeRight";
				IPHONEOS_DEPLOYMENT_TARGET = 12.1;
				LD_RUNPATH_SEARCH_PATHS = (
					"$(inherited)",
					"@executable_path/Frameworks",
				);
				MARKETING_VERSION = 1.0;
				MTL_ENABLE_DEBUG_INFO = INCLUDE_SOURCE;
				MTL_FAST_MATH = YES;
				ONLY_ACTIVE_ARCH = YES;
				PRODUCT_BUNDLE_IDENTIFIER = "Sparkout-Tech-Solution.Network-Call-Using-Reactive-Swift";
				PRODUCT_NAME = "$(TARGET_NAME)";
				SDKROOT = iphoneos;
				SWIFT_ACTIVE_COMPILATION_CONDITIONS = DEBUG;
				SWIFT_EMIT_LOC_STRINGS = YES;
				SWIFT_OPTIMIZATION_LEVEL = "-Onone";
				SWIFT_VERSION = 5.0;
				TARGETED_DEVICE_FAMILY = 1;
			};
			name = Debug;
		};
		04F032562791BE530066ABCA /* Release */ = {
			isa = XCBuildConfiguration;
			baseConfigurationReference = E05FD63E8C72B691ADAE8974 /* Pods-Network-Call-Using-Reactive-Swift.release.xcconfig */;
			buildSettings = {
				ALWAYS_SEARCH_USER_PATHS = NO;
				ASSETCATALOG_COMPILER_APPICON_NAME = AppIcon;
				ASSETCATALOG_COMPILER_GLOBAL_ACCENT_COLOR_NAME = AccentColor;
				CLANG_ANALYZER_NONNULL = YES;
				CLANG_ANALYZER_NUMBER_OBJECT_CONVERSION = YES_AGGRESSIVE;
				CLANG_CXX_LANGUAGE_STANDARD = "gnu++17";
				CLANG_CXX_LIBRARY = "libc++";
				CLANG_ENABLE_MODULES = YES;
				CLANG_ENABLE_OBJC_ARC = YES;
				CLANG_ENABLE_OBJC_WEAK = YES;
				CLANG_WARN_BLOCK_CAPTURE_AUTORELEASING = YES;
				CLANG_WARN_BOOL_CONVERSION = YES;
				CLANG_WARN_COMMA = YES;
				CLANG_WARN_CONSTANT_CONVERSION = YES;
				CLANG_WARN_DEPRECATED_OBJC_IMPLEMENTATIONS = YES;
				CLANG_WARN_DIRECT_OBJC_ISA_USAGE = YES_ERROR;
				CLANG_WARN_DOCUMENTATION_COMMENTS = YES;
				CLANG_WARN_EMPTY_BODY = YES;
				CLANG_WARN_ENUM_CONVERSION = YES;
				CLANG_WARN_INFINITE_RECURSION = YES;
				CLANG_WARN_INT_CONVERSION = YES;
				CLANG_WARN_NON_LITERAL_NULL_CONVERSION = YES;
				CLANG_WARN_OBJC_IMPLICIT_RETAIN_SELF = YES;
				CLANG_WARN_OBJC_LITERAL_CONVERSION = YES;
				CLANG_WARN_OBJC_ROOT_CLASS = YES_ERROR;
				CLANG_WARN_QUOTED_INCLUDE_IN_FRAMEWORK_HEADER = YES;
				CLANG_WARN_RANGE_LOOP_ANALYSIS = YES;
				CLANG_WARN_STRICT_PROTOTYPES = YES;
				CLANG_WARN_SUSPICIOUS_MOVE = YES;
				CLANG_WARN_UNGUARDED_AVAILABILITY = YES_AGGRESSIVE;
				CLANG_WARN_UNREACHABLE_CODE = YES;
				CLANG_WARN__DUPLICATE_METHOD_MATCH = YES;
				CODE_SIGN_STYLE = Automatic;
				COPY_PHASE_STRIP = NO;
				CURRENT_PROJECT_VERSION = 1;
				DEBUG_INFORMATION_FORMAT = "dwarf-with-dsym";
				ENABLE_NS_ASSERTIONS = NO;
				ENABLE_STRICT_OBJC_MSGSEND = YES;
				GCC_C_LANGUAGE_STANDARD = gnu11;
				GCC_NO_COMMON_BLOCKS = YES;
				GCC_WARN_64_TO_32_BIT_CONVERSION = YES;
				GCC_WARN_ABOUT_RETURN_TYPE = YES_ERROR;
				GCC_WARN_UNDECLARED_SELECTOR = YES;
				GCC_WARN_UNINITIALIZED_AUTOS = YES_AGGRESSIVE;
				GCC_WARN_UNUSED_FUNCTION = YES;
				GCC_WARN_UNUSED_VARIABLE = YES;
				GENERATE_INFOPLIST_FILE = YES;
				INFOPLIST_FILE = "Network-Call-Using-Reactive-Swift/Global/Info.plist";
				INFOPLIST_KEY_UIApplicationSupportsIndirectInputEvents = YES;
				INFOPLIST_KEY_UILaunchStoryboardName = LaunchScreen;
				INFOPLIST_KEY_UIMainStoryboardFile = Main;
				INFOPLIST_KEY_UISupportedInterfaceOrientations_iPad = "UIInterfaceOrientationPortrait UIInterfaceOrientationPortraitUpsideDown UIInterfaceOrientationLandscapeLeft UIInterfaceOrientationLandscapeRight";
				INFOPLIST_KEY_UISupportedInterfaceOrientations_iPhone = "UIInterfaceOrientationPortrait UIInterfaceOrientationLandscapeLeft UIInterfaceOrientationLandscapeRight";
				IPHONEOS_DEPLOYMENT_TARGET = 12.1;
				LD_RUNPATH_SEARCH_PATHS = (
					"$(inherited)",
					"@executable_path/Frameworks",
				);
				MARKETING_VERSION = 1.0;
				MTL_ENABLE_DEBUG_INFO = NO;
				MTL_FAST_MATH = YES;
				PRODUCT_BUNDLE_IDENTIFIER = "Sparkout-Tech-Solution.Network-Call-Using-Reactive-Swift";
				PRODUCT_NAME = "$(TARGET_NAME)";
				SDKROOT = iphoneos;
				SWIFT_COMPILATION_MODE = wholemodule;
				SWIFT_EMIT_LOC_STRINGS = YES;
				SWIFT_OPTIMIZATION_LEVEL = "-O";
				SWIFT_VERSION = 5.0;
				TARGETED_DEVICE_FAMILY = 1;
				VALIDATE_PRODUCT = YES;
			};
			name = Release;
		};
		04F0326D2791BED20066ABCA /* Debug */ = {
			isa = XCBuildConfiguration;
			baseConfigurationReference = 40DC03D16AD1CC12FDC97D62 /* Pods-Login-Validation-Using-Reactive-Swift.debug.xcconfig */;
			buildSettings = {
				ALWAYS_SEARCH_USER_PATHS = NO;
				ASSETCATALOG_COMPILER_APPICON_NAME = AppIcon;
				ASSETCATALOG_COMPILER_GLOBAL_ACCENT_COLOR_NAME = AccentColor;
				CLANG_ANALYZER_NONNULL = YES;
				CLANG_ANALYZER_NUMBER_OBJECT_CONVERSION = YES_AGGRESSIVE;
				CLANG_CXX_LANGUAGE_STANDARD = "gnu++17";
				CLANG_CXX_LIBRARY = "libc++";
				CLANG_ENABLE_MODULES = YES;
				CLANG_ENABLE_OBJC_ARC = YES;
				CLANG_ENABLE_OBJC_WEAK = YES;
				CLANG_WARN_BLOCK_CAPTURE_AUTORELEASING = YES;
				CLANG_WARN_BOOL_CONVERSION = YES;
				CLANG_WARN_COMMA = YES;
				CLANG_WARN_CONSTANT_CONVERSION = YES;
				CLANG_WARN_DEPRECATED_OBJC_IMPLEMENTATIONS = YES;
				CLANG_WARN_DIRECT_OBJC_ISA_USAGE = YES_ERROR;
				CLANG_WARN_DOCUMENTATION_COMMENTS = YES;
				CLANG_WARN_EMPTY_BODY = YES;
				CLANG_WARN_ENUM_CONVERSION = YES;
				CLANG_WARN_INFINITE_RECURSION = YES;
				CLANG_WARN_INT_CONVERSION = YES;
				CLANG_WARN_NON_LITERAL_NULL_CONVERSION = YES;
				CLANG_WARN_OBJC_IMPLICIT_RETAIN_SELF = YES;
				CLANG_WARN_OBJC_LITERAL_CONVERSION = YES;
				CLANG_WARN_OBJC_ROOT_CLASS = YES_ERROR;
				CLANG_WARN_QUOTED_INCLUDE_IN_FRAMEWORK_HEADER = YES;
				CLANG_WARN_RANGE_LOOP_ANALYSIS = YES;
				CLANG_WARN_STRICT_PROTOTYPES = YES;
				CLANG_WARN_SUSPICIOUS_MOVE = YES;
				CLANG_WARN_UNGUARDED_AVAILABILITY = YES_AGGRESSIVE;
				CLANG_WARN_UNREACHABLE_CODE = YES;
				CLANG_WARN__DUPLICATE_METHOD_MATCH = YES;
				CODE_SIGN_STYLE = Automatic;
				COPY_PHASE_STRIP = NO;
				CURRENT_PROJECT_VERSION = 1;
				DEBUG_INFORMATION_FORMAT = dwarf;
				ENABLE_STRICT_OBJC_MSGSEND = YES;
				ENABLE_TESTABILITY = YES;
				GCC_C_LANGUAGE_STANDARD = gnu11;
				GCC_DYNAMIC_NO_PIC = NO;
				GCC_NO_COMMON_BLOCKS = YES;
				GCC_OPTIMIZATION_LEVEL = 0;
				GCC_PREPROCESSOR_DEFINITIONS = (
					"DEBUG=1",
					"$(inherited)",
				);
				GCC_WARN_64_TO_32_BIT_CONVERSION = YES;
				GCC_WARN_ABOUT_RETURN_TYPE = YES_ERROR;
				GCC_WARN_UNDECLARED_SELECTOR = YES;
				GCC_WARN_UNINITIALIZED_AUTOS = YES_AGGRESSIVE;
				GCC_WARN_UNUSED_FUNCTION = YES;
				GCC_WARN_UNUSED_VARIABLE = YES;
				GENERATE_INFOPLIST_FILE = YES;
				INFOPLIST_FILE = "Login-Validation-Using-Reactive-Swift/Global/Info.plist";
				INFOPLIST_KEY_UIApplicationSupportsIndirectInputEvents = YES;
				INFOPLIST_KEY_UILaunchStoryboardName = LaunchScreen;
				INFOPLIST_KEY_UIMainStoryboardFile = Main;
				INFOPLIST_KEY_UISupportedInterfaceOrientations_iPad = "UIInterfaceOrientationPortrait UIInterfaceOrientationPortraitUpsideDown UIInterfaceOrientationLandscapeLeft UIInterfaceOrientationLandscapeRight";
				INFOPLIST_KEY_UISupportedInterfaceOrientations_iPhone = "UIInterfaceOrientationPortrait UIInterfaceOrientationLandscapeLeft UIInterfaceOrientationLandscapeRight";
				IPHONEOS_DEPLOYMENT_TARGET = 12.1;
				LD_RUNPATH_SEARCH_PATHS = (
					"$(inherited)",
					"@executable_path/Frameworks",
				);
				MARKETING_VERSION = 1.0;
				MTL_ENABLE_DEBUG_INFO = INCLUDE_SOURCE;
				MTL_FAST_MATH = YES;
				ONLY_ACTIVE_ARCH = YES;
				PRODUCT_BUNDLE_IDENTIFIER = "Sparkout-Tech-Solution.Login-Validation-Using-Reactive-Swift";
				PRODUCT_NAME = "$(TARGET_NAME)";
				SDKROOT = iphoneos;
				SWIFT_ACTIVE_COMPILATION_CONDITIONS = DEBUG;
				SWIFT_EMIT_LOC_STRINGS = YES;
				SWIFT_OPTIMIZATION_LEVEL = "-Onone";
				SWIFT_VERSION = 5.0;
				TARGETED_DEVICE_FAMILY = 1;
			};
			name = Debug;
		};
		04F0326E2791BED20066ABCA /* Release */ = {
			isa = XCBuildConfiguration;
			baseConfigurationReference = 21C2FEB649912C4719D6B728 /* Pods-Login-Validation-Using-Reactive-Swift.release.xcconfig */;
			buildSettings = {
				ALWAYS_SEARCH_USER_PATHS = NO;
				ASSETCATALOG_COMPILER_APPICON_NAME = AppIcon;
				ASSETCATALOG_COMPILER_GLOBAL_ACCENT_COLOR_NAME = AccentColor;
				CLANG_ANALYZER_NONNULL = YES;
				CLANG_ANALYZER_NUMBER_OBJECT_CONVERSION = YES_AGGRESSIVE;
				CLANG_CXX_LANGUAGE_STANDARD = "gnu++17";
				CLANG_CXX_LIBRARY = "libc++";
				CLANG_ENABLE_MODULES = YES;
				CLANG_ENABLE_OBJC_ARC = YES;
				CLANG_ENABLE_OBJC_WEAK = YES;
				CLANG_WARN_BLOCK_CAPTURE_AUTORELEASING = YES;
				CLANG_WARN_BOOL_CONVERSION = YES;
				CLANG_WARN_COMMA = YES;
				CLANG_WARN_CONSTANT_CONVERSION = YES;
				CLANG_WARN_DEPRECATED_OBJC_IMPLEMENTATIONS = YES;
				CLANG_WARN_DIRECT_OBJC_ISA_USAGE = YES_ERROR;
				CLANG_WARN_DOCUMENTATION_COMMENTS = YES;
				CLANG_WARN_EMPTY_BODY = YES;
				CLANG_WARN_ENUM_CONVERSION = YES;
				CLANG_WARN_INFINITE_RECURSION = YES;
				CLANG_WARN_INT_CONVERSION = YES;
				CLANG_WARN_NON_LITERAL_NULL_CONVERSION = YES;
				CLANG_WARN_OBJC_IMPLICIT_RETAIN_SELF = YES;
				CLANG_WARN_OBJC_LITERAL_CONVERSION = YES;
				CLANG_WARN_OBJC_ROOT_CLASS = YES_ERROR;
				CLANG_WARN_QUOTED_INCLUDE_IN_FRAMEWORK_HEADER = YES;
				CLANG_WARN_RANGE_LOOP_ANALYSIS = YES;
				CLANG_WARN_STRICT_PROTOTYPES = YES;
				CLANG_WARN_SUSPICIOUS_MOVE = YES;
				CLANG_WARN_UNGUARDED_AVAILABILITY = YES_AGGRESSIVE;
				CLANG_WARN_UNREACHABLE_CODE = YES;
				CLANG_WARN__DUPLICATE_METHOD_MATCH = YES;
				CODE_SIGN_STYLE = Automatic;
				COPY_PHASE_STRIP = NO;
				CURRENT_PROJECT_VERSION = 1;
				DEBUG_INFORMATION_FORMAT = "dwarf-with-dsym";
				ENABLE_NS_ASSERTIONS = NO;
				ENABLE_STRICT_OBJC_MSGSEND = YES;
				GCC_C_LANGUAGE_STANDARD = gnu11;
				GCC_NO_COMMON_BLOCKS = YES;
				GCC_WARN_64_TO_32_BIT_CONVERSION = YES;
				GCC_WARN_ABOUT_RETURN_TYPE = YES_ERROR;
				GCC_WARN_UNDECLARED_SELECTOR = YES;
				GCC_WARN_UNINITIALIZED_AUTOS = YES_AGGRESSIVE;
				GCC_WARN_UNUSED_FUNCTION = YES;
				GCC_WARN_UNUSED_VARIABLE = YES;
				GENERATE_INFOPLIST_FILE = YES;
				INFOPLIST_FILE = "Login-Validation-Using-Reactive-Swift/Global/Info.plist";
				INFOPLIST_KEY_UIApplicationSupportsIndirectInputEvents = YES;
				INFOPLIST_KEY_UILaunchStoryboardName = LaunchScreen;
				INFOPLIST_KEY_UIMainStoryboardFile = Main;
				INFOPLIST_KEY_UISupportedInterfaceOrientations_iPad = "UIInterfaceOrientationPortrait UIInterfaceOrientationPortraitUpsideDown UIInterfaceOrientationLandscapeLeft UIInterfaceOrientationLandscapeRight";
				INFOPLIST_KEY_UISupportedInterfaceOrientations_iPhone = "UIInterfaceOrientationPortrait UIInterfaceOrientationLandscapeLeft UIInterfaceOrientationLandscapeRight";
				IPHONEOS_DEPLOYMENT_TARGET = 12.1;
				LD_RUNPATH_SEARCH_PATHS = (
					"$(inherited)",
					"@executable_path/Frameworks",
				);
				MARKETING_VERSION = 1.0;
				MTL_ENABLE_DEBUG_INFO = NO;
				MTL_FAST_MATH = YES;
				PRODUCT_BUNDLE_IDENTIFIER = "Sparkout-Tech-Solution.Login-Validation-Using-Reactive-Swift";
				PRODUCT_NAME = "$(TARGET_NAME)";
				SDKROOT = iphoneos;
				SWIFT_COMPILATION_MODE = wholemodule;
				SWIFT_EMIT_LOC_STRINGS = YES;
				SWIFT_OPTIMIZATION_LEVEL = "-O";
				SWIFT_VERSION = 5.0;
				TARGETED_DEVICE_FAMILY = 1;
				VALIDATE_PRODUCT = YES;
			};
			name = Release;
		};
/* End XCBuildConfiguration section */

/* Begin XCConfigurationList section */
		04A3EC7A27E4E013001ED91B /* Build configuration list for PBXNativeTarget "Sectioned-TableView-Using-Reactive-Swift" */ = {
			isa = XCConfigurationList;
			buildConfigurations = (
				04A3EC7827E4E012001ED91B /* Debug */,
				04A3EC7927E4E012001ED91B /* Release */,
			);
			defaultConfigurationIsVisible = 0;
			defaultConfigurationName = Release;
		};
		04F0318D2791B54F0066ABCA /* Build configuration list for PBXProject "Reactive-Swift-Examples" */ = {
			isa = XCConfigurationList;
			buildConfigurations = (
				04F0318E2791B54F0066ABCA /* Debug */,
				04F0318F2791B54F0066ABCA /* Release */,
			);
			defaultConfigurationIsVisible = 0;
			defaultConfigurationName = Release;
		};
		04F032542791BE530066ABCA /* Build configuration list for PBXNativeTarget "Network-Call-Using-Reactive-Swift" */ = {
			isa = XCConfigurationList;
			buildConfigurations = (
				04F032552791BE530066ABCA /* Debug */,
				04F032562791BE530066ABCA /* Release */,
			);
			defaultConfigurationIsVisible = 0;
			defaultConfigurationName = Release;
		};
		04F0326C2791BED20066ABCA /* Build configuration list for PBXNativeTarget "Login-Validation-Using-Reactive-Swift" */ = {
			isa = XCConfigurationList;
			buildConfigurations = (
				04F0326D2791BED20066ABCA /* Debug */,
				04F0326E2791BED20066ABCA /* Release */,
			);
			defaultConfigurationIsVisible = 0;
			defaultConfigurationName = Release;
		};
/* End XCConfigurationList section */
	};
	rootObject = 04F0318A2791B54F0066ABCA /* Project object */;
}
